
Microsoft Visual Studio Solution File, Format Version 12.00
# Visual Studio Version 17
VisualStudioVersion = 17.8.34330.188
MinimumVisualStudioVersion = 10.0.40219.1
Project("{9A19103F-16F7-4668-BE54-9A1E7A4F7556}") = "NZWalks.API", "NZWalks.API\NZWalks.API.csproj", "{B3312243-F848-435B-8B54-6D6BB61B97FC}"
EndProject
Global
	GlobalSection(SolutionConfigurationPlatforms) = preSolution
		Debug|Any CPU = Debug|Any CPU
		Release|Any CPU = Release|Any CPU
	EndGlobalSection
	GlobalSection(ProjectConfigurationPlatforms) = postSolution
		{B3312243-F848-435B-8B54-6D6BB61B97FC}.Debug|Any CPU.ActiveCfg = Debug|Any CPU
		{B3312243-F848-435B-8B54-6D6BB61B97FC}.Debug|Any CPU.Build.0 = Debug|Any CPU
		{B3312243-F848-435B-8B54-6D6BB61B97FC}.Release|Any CPU.ActiveCfg = Release|Any CPU
		{B3312243-F848-435B-8B54-6D6BB61B97FC}.Release|Any CPU.Build.0 = Release|Any CPU
	EndGlobalSection
	GlobalSection(SolutionProperties) = preSolution
		HideSolutionNode = FALSE
	EndGlobalSection
	GlobalSection(ExtensibilityGlobals) = postSolution
		SolutionGuid = {1E6E2E53-A8A1-4D98-95BA-A808E9493EE0}
	EndGlobalSection
EndGlobal
